
Microsoft Visual Studio Solution File, Format Version 12.00
# Visual Studio 15
VisualStudioVersion = 15.0.28307.271
MinimumVisualStudioVersion = 10.0.40219.1
Project("{FAE04EC0-301F-11D3-BF4B-00C04F79EFBC}") = "ProjectManager", "ProjectManager\ProjectManager.csproj", "{717A4980-D547-45DC-95C0-892525189676}"
EndProject
Project("{FAE04EC0-301F-11D3-BF4B-00C04F79EFBC}") = "ProjectManager.Tests", "ProjectManager.Tests\ProjectManager.Tests.csproj", "{D528E590-2AB0-428A-A825-DB4645430E08}"
EndProject
Global
	GlobalSection(SolutionConfigurationPlatforms) = preSolution
		Debug|Any CPU = Debug|Any CPU
		Release|Any CPU = Release|Any CPU
	EndGlobalSection
	GlobalSection(ProjectConfigurationPlatforms) = postSolution
		{717A4980-D547-45DC-95C0-892525189676}.Debug|Any CPU.ActiveCfg = Debug|Any CPU
		{717A4980-D547-45DC-95C0-892525189676}.Debug|Any CPU.Build.0 = Debug|Any CPU
		{717A4980-D547-45DC-95C0-892525189676}.Release|Any CPU.ActiveCfg = Release|Any CPU
		{717A4980-D547-45DC-95C0-892525189676}.Release|Any CPU.Build.0 = Release|Any CPU
		{D528E590-2AB0-428A-A825-DB4645430E08}.Debug|Any CPU.ActiveCfg = Debug|Any CPU
		{D528E590-2AB0-428A-A825-DB4645430E08}.Debug|Any CPU.Build.0 = Debug|Any CPU
		{D528E590-2AB0-428A-A825-DB4645430E08}.Release|Any CPU.ActiveCfg = Release|Any CPU
		{D528E590-2AB0-428A-A825-DB4645430E08}.Release|Any CPU.Build.0 = Release|Any CPU
	EndGlobalSection
	GlobalSection(SolutionProperties) = preSolution
		HideSolutionNode = FALSE
	EndGlobalSection
	GlobalSection(ExtensibilityGlobals) = postSolution
		SolutionGuid = {24A7AE50-DF5F-42EC-ADDD-352ACDC39C84}
	EndGlobalSection
EndGlobal
